
Microsoft Visual Studio Solution File, Format Version 12.00
# Visual Studio 15
VisualStudioVersion = 15.0.27428.2037
MinimumVisualStudioVersion = 10.0.40219.1
Project("{FAE04EC0-301F-11D3-BF4B-00C04F79EFBC}") = "Unit 35 Final Program", "Unit 35 Final Program\Unit 35 Final Program.csproj", "{21B6CCC9-E023-4840-B06D-2AD707A9A2BC}"
EndProject
Global
	GlobalSection(SolutionConfigurationPlatforms) = preSolution
		Debug|Any CPU = Debug|Any CPU
		Release|Any CPU = Release|Any CPU
	EndGlobalSection
	GlobalSection(ProjectConfigurationPlatforms) = postSolution
		{21B6CCC9-E023-4840-B06D-2AD707A9A2BC}.Debug|Any CPU.ActiveCfg = Debug|Any CPU
		{21B6CCC9-E023-4840-B06D-2AD707A9A2BC}.Debug|Any CPU.Build.0 = Debug|Any CPU
		{21B6CCC9-E023-4840-B06D-2AD707A9A2BC}.Release|Any CPU.ActiveCfg = Release|Any CPU
		{21B6CCC9-E023-4840-B06D-2AD707A9A2BC}.Release|Any CPU.Build.0 = Release|Any CPU
	EndGlobalSection
	GlobalSection(SolutionProperties) = preSolution
		HideSolutionNode = FALSE
	EndGlobalSection
	GlobalSection(ExtensibilityGlobals) = postSolution
		SolutionGuid = {90B1106A-4E95-4F7B-A2FB-6326C2D360AC}
	EndGlobalSection
EndGlobal
